Microsoft Visual Studio Solution File, Format Version 11.00
# Visual Studio 2008

Project("{13F59387-0F97-46C0-6596-878EC2B683A3}") = "xeno", "Assembly-CSharp.csproj", "{7DEF00B6-7A47-41E0-B346-898C7E670298}"
EndProject
Project("{13F59387-0F97-46C0-6596-878EC2B683A3}") = "xeno", "Assembly-CSharp-Editor.csproj", "{63E2632E-70EF-655E-F9E1-04F417F2B2C4}"
EndProject
Project("{13F59387-0F97-46C0-6596-878EC2B683A3}") = "xeno", "Assembly-UnityScript.unityproj", "{00D44679-68FA-34E2-E88E-0671D43DC5D4}"
EndProject
Project("{13F59387-0F97-46C0-6596-878EC2B683A3}") = "xeno", "Assembly-UnityScript-Editor.unityproj", "{DDA848A4-034F-A3AB-D443-024D0D799F22}"
EndProject
Global
	GlobalSection(SolutionConfigurationPlatforms) = preSolution
		Debug|Any CPU = Debug|Any CPU
		Release|Any CPU = Release|Any CPU
	EndGlobalSection
	GlobalSection(ProjectConfigurationPlatforms) = postSolution
		{7DEF00B6-7A47-41E0-B346-898C7E670298}.Debug|Any CPU.ActiveCfg = Debug|Any CPU
		{7DEF00B6-7A47-41E0-B346-898C7E670298}.Debug|Any CPU.Build.0 = Debug|Any CPU
		{7DEF00B6-7A47-41E0-B346-898C7E670298}.Release|Any CPU.ActiveCfg = Release|Any CPU
		{7DEF00B6-7A47-41E0-B346-898C7E670298}.Release|Any CPU.Build.0 = Release|Any CPU
		{63E2632E-70EF-655E-F9E1-04F417F2B2C4}.Debug|Any CPU.ActiveCfg = Debug|Any CPU
		{63E2632E-70EF-655E-F9E1-04F417F2B2C4}.Debug|Any CPU.Build.0 = Debug|Any CPU
		{63E2632E-70EF-655E-F9E1-04F417F2B2C4}.Release|Any CPU.ActiveCfg = Release|Any CPU
		{63E2632E-70EF-655E-F9E1-04F417F2B2C4}.Release|Any CPU.Build.0 = Release|Any CPU
		{00D44679-68FA-34E2-E88E-0671D43DC5D4}.Debug|Any CPU.ActiveCfg = Debug|Any CPU
		{00D44679-68FA-34E2-E88E-0671D43DC5D4}.Debug|Any CPU.Build.0 = Debug|Any CPU
		{00D44679-68FA-34E2-E88E-0671D43DC5D4}.Release|Any CPU.ActiveCfg = Release|Any CPU
		{00D44679-68FA-34E2-E88E-0671D43DC5D4}.Release|Any CPU.Build.0 = Release|Any CPU
		{DDA848A4-034F-A3AB-D443-024D0D799F22}.Debug|Any CPU.ActiveCfg = Debug|Any CPU
		{DDA848A4-034F-A3AB-D443-024D0D799F22}.Debug|Any CPU.Build.0 = Debug|Any CPU
		{DDA848A4-034F-A3AB-D443-024D0D799F22}.Release|Any CPU.ActiveCfg = Release|Any CPU
		{DDA848A4-034F-A3AB-D443-024D0D799F22}.Release|Any CPU.Build.0 = Release|Any CPU
	EndGlobalSection
	GlobalSection(SolutionProperties) = preSolution
		HideSolutionNode = FALSE
	EndGlobalSection
			GlobalSection(MonoDevelopProperties) = preSolution
		StartupItem = Assembly-CSharp.csproj
		Policies = $0
		$0.TextStylePolicy = $1
		$1.inheritsSet = null
		$1.scope = text/x-csharp
		$0.CSharpFormattingPolicy = $2
		$2.inheritsSet = Mono
		$2.inheritsScope = text/x-csharp
		$2.scope = text/x-csharp
		$0.TextStylePolicy = $3
		$3.FileWidth = 120
		$3.TabWidth = 4
		$3.EolMarker = Unix
		$3.inheritsSet = Mono
		$3.inheritsScope = text/plain
		$3.scope = text/plain
	EndGlobalSection

EndGlobal
